
Microsoft Visual Studio Solution File, Format Version 12.00
Project("{FAE04EC0-301F-11D3-BF4B-00C04F79EFBC}") = "Merge_MonogameProject", "Merge_MonogameProject\Merge_MonogameProject.csproj", "{4CF21537-3D9B-4693-AB94-D5EFC23D1749}"
EndProject
Global
	GlobalSection(SolutionConfigurationPlatforms) = preSolution
		Debug|Any CPU = Debug|Any CPU
		Release|Any CPU = Release|Any CPU
	EndGlobalSection
	GlobalSection(ProjectConfigurationPlatforms) = postSolution
		{4CF21537-3D9B-4693-AB94-D5EFC23D1749}.Debug|Any CPU.ActiveCfg = Debug|Any CPU
		{4CF21537-3D9B-4693-AB94-D5EFC23D1749}.Debug|Any CPU.Build.0 = Debug|Any CPU
		{4CF21537-3D9B-4693-AB94-D5EFC23D1749}.Release|Any CPU.ActiveCfg = Release|Any CPU
		{4CF21537-3D9B-4693-AB94-D5EFC23D1749}.Release|Any CPU.Build.0 = Release|Any CPU
	EndGlobalSection
EndGlobal
